
Microsoft Visual Studio Solution File, Format Version 12.00
# Visual Studio Version 17
VisualStudioVersion = 17.14.36518.9
MinimumVisualStudioVersion = 10.0.40219.1
Project("{FAE04EC0-301F-11D3-BF4B-00C04F79EFBC}") = "SistemInformaticaAtelierAuto.Web", "..\SistemInformaticaAtelierAuto.Web\SistemInformaticaAtelierAuto.Web.csproj", "{C34B7220-3493-DCF2-A95D-C5636B67805D}"
EndProject
Project("{FAE04EC0-301F-11D3-BF4B-00C04F79EFBC}") = "SistemInformaticaAtelierAuto.Mobile", "SistemInformaticaAtelierAuto.Mobile\SistemInformaticaAtelierAuto.Mobile.csproj", "{DE040BED-7201-490F-AE0F-DE0BB537B8CE}"
EndProject
Global
	GlobalSection(SolutionConfigurationPlatforms) = preSolution
		Debug|Any CPU = Debug|Any CPU
		Release|Any CPU = Release|Any CPU
	EndGlobalSection
	GlobalSection(ProjectConfigurationPlatforms) = postSolution
		{C34B7220-3493-DCF2-A95D-C5636B67805D}.Debug|Any CPU.ActiveCfg = Debug|Any CPU
		{C34B7220-3493-DCF2-A95D-C5636B67805D}.Debug|Any CPU.Build.0 = Debug|Any CPU
		{C34B7220-3493-DCF2-A95D-C5636B67805D}.Release|Any CPU.ActiveCfg = Release|Any CPU
		{C34B7220-3493-DCF2-A95D-C5636B67805D}.Release|Any CPU.Build.0 = Release|Any CPU
		{DE040BED-7201-490F-AE0F-DE0BB537B8CE}.Debug|Any CPU.ActiveCfg = Debug|Any CPU
		{DE040BED-7201-490F-AE0F-DE0BB537B8CE}.Debug|Any CPU.Build.0 = Debug|Any CPU
		{DE040BED-7201-490F-AE0F-DE0BB537B8CE}.Release|Any CPU.ActiveCfg = Release|Any CPU
		{DE040BED-7201-490F-AE0F-DE0BB537B8CE}.Release|Any CPU.Build.0 = Release|Any CPU
	EndGlobalSection
	GlobalSection(SolutionProperties) = preSolution
		HideSolutionNode = FALSE
	EndGlobalSection
	GlobalSection(ExtensibilityGlobals) = postSolution
		SolutionGuid = {F6F0C958-9F01-4891-B0E4-F303F452735C}
	EndGlobalSection
EndGlobal
